// !$*UTF8*$!
{
	archiveVersion = 1;
	classes = {
	};
	objectVersion = 50;
	objects = {

/* Begin PBXBuildFile section */
		8478C67924D41F31000CF598 /* AppDelegate.swift in Sources */ = {isa = PBXBuildFile; fileRef = 8478C67824D41F31000CF598 /* AppDelegate.swift */; };
		8478C67B24D41F31000CF598 /* SceneDelegate.swift in Sources */ = {isa = PBXBuildFile; fileRef = 8478C67A24D41F31000CF598 /* SceneDelegate.swift */; };
		8478C67D24D41F31000CF598 /* TopViewController.swift in Sources */ = {isa = PBXBuildFile; fileRef = 8478C67C24D41F31000CF598 /* TopViewController.swift */; };
		8478C68024D41F31000CF598 /* Main.storyboard in Resources */ = {isa = PBXBuildFile; fileRef = 8478C67E24D41F31000CF598 /* Main.storyboard */; };
		8478C68224D41F34000CF598 /* Assets.xcassets in Resources */ = {isa = PBXBuildFile; fileRef = 8478C68124D41F34000CF598 /* Assets.xcassets */; };
		8478C68524D41F34000CF598 /* LaunchScreen.storyboard in Resources */ = {isa = PBXBuildFile; fileRef = 8478C68324D41F34000CF598 /* LaunchScreen.storyboard */; };
		8478C68D24D41F55000CF598 /* BottomViewController.swift in Sources */ = {isa = PBXBuildFile; fileRef = 8478C68C24D41F55000CF598 /* BottomViewController.swift */; };
		8478C68F24D41F7C000CF598 /* ContainerViewController.swift in Sources */ = {isa = PBXBuildFile; fileRef = 8478C68E24D41F7C000CF598 /* ContainerViewController.swift */; };
/* End PBXBuildFile section */

/* Begin PBXFileReference section */
		8478C67524D41F31000CF598 /* ChildViewControllersDemo.app */ = {isa = PBXFileReference; explicitFileType = wrapper.application; includeInIndex = 0; path = ChildViewControllersDemo.app; sourceTree = BUILT_PRODUCTS_DIR; };
		8478C67824D41F31000CF598 /* AppDelegate.swift */ = {isa = PBXFileReference; lastKnownFileType = sourcecode.swift; path = AppDelegate.swift; sourceTree = "<group>"; };
		8478C67A24D41F31000CF598 /* SceneDelegate.swift */ = {isa = PBXFileReference; lastKnownFileType = sourcecode.swift; path = SceneDelegate.swift; sourceTree = "<group>"; };
		8478C67C24D41F31000CF598 /* TopViewController.swift */ = {isa = PBXFileReference; lastKnownFileType = sourcecode.swift; path = TopViewController.swift; sourceTree = "<group>"; };
		8478C67F24D41F31000CF598 /* Base */ = {isa = PBXFileReference; lastKnownFileType = file.storyboard; name = Base; path = Base.lproj/Main.storyboard; sourceTree = "<group>"; };
		8478C68124D41F34000CF598 /* Assets.xcassets */ = {isa = PBXFileReference; lastKnownFileType = folder.assetcatalog; path = Assets.xcassets; sourceTree = "<group>"; };
		8478C68424D41F34000CF598 /* Base */ = {isa = PBXFileReference; lastKnownFileType = file.storyboard; name = Base; path = Base.lproj/LaunchScreen.storyboard; sourceTree = "<group>"; };
		8478C68624D41F34000CF598 /* Info.plist */ = {isa = PBXFileReference; lastKnownFileType = text.plist.xml; path = Info.plist; sourceTree = "<group>"; };
		8478C68C24D41F55000CF598 /* BottomViewController.swift */ = {isa = PBXFileReference; lastKnownFileType = sourcecode.swift; path = BottomViewController.swift; sourceTree = "<group>"; };
		8478C68E24D41F7C000CF598 /* ContainerViewController.swift */ = {isa = PBXFileReference; lastKnownFileType = sourcecode.swift; path = ContainerViewController.swift; sourceTree = "<group>"; };
/* End PBXFileReference section */

/* Begin PBXFrameworksBuildPhase section */
		8478C67224D41F31000CF598 /* Frameworks */ = {
			isa = PBXFrameworksBuildPhase;
			buildActionMask = 2147483647;
			files = (
			);
			runOnlyForDeploymentPostprocessing = 0;
		};
/* End PBXFrameworksBuildPhase section */

/* Begin PBXGroup section */
		8478C66C24D41F31000CF598 = {
			isa = PBXGroup;
			children = (
				8478C67724D41F31000CF598 /* ChildViewControllersDemo */,
				8478C67624D41F31000CF598 /* Products */,
			);
			sourceTree = "<group>";
		};
		8478C67624D41F31000CF598 /* Products */ = {
			isa = PBXGroup;
			children = (
				8478C67524D41F31000CF598 /* ChildViewControllersDemo.app */,
			);
			name = Products;
			sourceTree = "<group>";
		};
		8478C67724D41F31000CF598 /* ChildViewControllersDemo */ = {
			isa = PBXGroup;
			children = (
				8478C67824D41F31000CF598 /* AppDelegate.swift */,
				8478C67A24D41F31000CF598 /* SceneDelegate.swift */,
				8478C67C24D41F31000CF598 /* TopViewController.swift */,
				8478C68E24D41F7C000CF598 /* ContainerViewController.swift */,
				8478C68C24D41F55000CF598 /* BottomViewController.swift */,
				8478C67E24D41F31000CF598 /* Main.storyboard */,
				8478C68124D41F34000CF598 /* Assets.xcassets */,
				8478C68324D41F34000CF598 /* LaunchScreen.storyboard */,
				8478C68624D41F34000CF598 /* Info.plist */,
			);
			path = ChildViewControllersDemo;
			sourceTree = "<group>";
		};
/* End PBXGroup section */

/* Begin PBXNativeTarget section */
		8478C67424D41F31000CF598 /* ChildViewControllersDemo */ = {
			isa = PBXNativeTarget;
			buildConfigurationList = 8478C68924D41F34000CF598 /* Build configuration list for PBXNativeTarget "ChildViewControllersDemo" */;
			buildPhases = (
				8478C67124D41F31000CF598 /* Sources */,
				8478C67224D41F31000CF598 /* Frameworks */,
				8478C67324D41F31000CF598 /* Resources */,
			);
			buildRules = (
			);
			dependencies = (
			);
			name = ChildViewControllersDemo;
			productName = ChildViewControllersDemo;
			productReference = 8478C67524D41F31000CF598 /* ChildViewControllersDemo.app */;
			productType = "com.apple.product-type.application";
		};
/* End PBXNativeTarget section */

/* Begin PBXProject section */
		8478C66D24D41F31000CF598 /* Project object */ = {
			isa = PBXProject;
			attributes = {
				LastSwiftUpdateCheck = 1160;
				LastUpgradeCheck = 1160;
				ORGANIZATIONNAME = "Evgeny Ezub";
				TargetAttributes = {
					8478C67424D41F31000CF598 = {
						CreatedOnToolsVersion = 11.6;
					};
				};
			};
			buildConfigurationList = 8478C67024D41F31000CF598 /* Build configuration list for PBXProject "ChildViewControllersDemo" */;
			compatibilityVersion = "Xcode 9.3";
			developmentRegion = en;
			hasScannedForEncodings = 0;
			knownRegions = (
				en,
				Base,
			);
			mainGroup = 8478C66C24D41F31000CF598;
			productRefGroup = 8478C67624D41F31000CF598 /* Products */;
			projectDirPath = "";
			projectRoot = "";
			targets = (
				8478C67424D41F31000CF598 /* ChildViewControllersDemo */,
			);
		};
/* End PBXProject section */

/* Begin PBXResourcesBuildPhase section */
		8478C67324D41F31000CF598 /* Resources */ = {
			isa = PBXResourcesBuildPhase;
			buildActionMask = 2147483647;
			files = (
				8478C68524D41F34000CF598 /* LaunchScreen.storyboard in Resources */,
				8478C68224D41F34000CF598 /* Assets.xcassets in Resources */,
				8478C68024D41F31000CF598 /* Main.storyboard in Resources */,
			);
			runOnlyForDeploymentPostprocessing = 0;
		};
/* End PBXResourcesBuildPhase section */

/* Begin PBXSourcesBuildPhase section */
		8478C67124D41F31000CF598 /* Sources */ = {
			isa = PBXSourcesBuildPhase;
			buildActionMask = 2147483647;
			files = (
				8478C67D24D41F31000CF598 /* TopViewController.swift in Sources */,
				8478C68D24D41F55000CF598 /* BottomViewController.swift in Sources */,
				8478C68F24D41F7C000CF598 /* ContainerViewController.swift in Sources */,
				8478C67924D41F31000CF598 /* AppDelegate.swift in Sources */,
				8478C67B24D41F31000CF598 /* SceneDelegate.swift in Sources */,
			);
			runOnlyForDeploymentPostprocessing = 0;
		};
/* End PBXSourcesBuildPhase section */

/* Begin PBXVariantGroup section */
		8478C67E24D41F31000CF598 /* Main.storyboard */ = {
			isa = PBXVariantGroup;
			children = (
				8478C67F24D41F31000CF598 /* Base */,
			);
			name = Main.storyboard;
			sourceTree = "<group>";
		};
		8478C68324D41F34000CF598 /* LaunchScreen.storyboard */ = {
			isa = PBXVariantGroup;
			children = (
				8478C68424D41F34000CF598 /* Base */,
			);
			name = LaunchScreen.storyboard;
			sourceTree = "<group>";
		};
/* End PBXVariantGroup section */

/* Begin XCBuildConfiguration section */
		8478C68724D41F34000CF598 /* Debug */ = {
			isa = XCBuildConfiguration;
			buildSettings = {
				ALWAYS_SEARCH_USER_PATHS = NO;
				CLANG_ANALYZER_NONNULL = YES;
				CLANG_ANALYZER_NUMBER_OBJECT_CONVERSION = YES_AGGRESSIVE;
				CLANG_CXX_LANGUAGE_STANDARD = "gnu++14";
				CLANG_CXX_LIBRARY = "libc++";
				CLANG_ENABLE_MODULES = YES;
				CLANG_ENABLE_OBJC_ARC = YES;
				CLANG_ENABLE_OBJC_WEAK = YES;
				CLANG_WARN_BLOCK_CAPTURE_AUTORELEASING = YES;
				CLANG_WARN_BOOL_CONVERSION = YES;
				CLANG_WARN_COMMA = YES;
				CLANG_WARN_CONSTANT_CONVERSION = YES;
				CLANG_WARN_DEPRECATED_OBJC_IMPLEMENTATIONS = YES;
				CLANG_WARN_DIRECT_OBJC_ISA_USAGE = YES_ERROR;
				CLANG_WARN_DOCUMENTATION_COMMENTS = YES;
				CLANG_WARN_EMPTY_BODY = YES;
				CLANG_WARN_ENUM_CONVERSION = YES;
				CLANG_WARN_INFINITE_RECURSION = YES;
				CLANG_WARN_INT_CONVERSION = YES;
				CLANG_WARN_NON_LITERAL_NULL_CONVERSION = YES;
				CLANG_WARN_OBJC_IMPLICIT_RETAIN_SELF = YES;
				CLANG_WARN_OBJC_LITERAL_CONVERSION = YES;
				CLANG_WARN_OBJC_ROOT_CLASS = YES_ERROR;
				CLANG_WARN_RANGE_LOOP_ANALYSIS = YES;
				CLANG_WARN_STRICT_PROTOTYPES = YES;
				CLANG_WARN_SUSPICIOUS_MOVE = YES;
				CLANG_WARN_UNGUARDED_AVAILABILITY = YES_AGGRESSIVE;
				CLANG_WARN_UNREACHABLE_CODE = YES;
				CLANG_WARN__DUPLICATE_METHOD_MATCH = YES;
				COPY_PHASE_STRIP = NO;
				DEBUG_INFORMATION_FORMAT = dwarf;
				ENABLE_STRICT_OBJC_MSGSEND = YES;
				ENABLE_TESTABILITY = YES;
				GCC_C_LANGUAGE_STANDARD = gnu11;
				GCC_DYNAMIC_NO_PIC = NO;
				GCC_NO_COMMON_BLOCKS = YES;
				GCC_OPTIMIZATION_LEVEL = 0;
				GCC_PREPROCESSOR_DEFINITIONS = (
					"DEBUG=1",
					"$(inherited)",
				);
				GCC_WARN_64_TO_32_BIT_CONVERSION = YES;
				GCC_WARN_ABOUT_RETURN_TYPE = YES_ERROR;
				GCC_WARN_UNDECLARED_SELECTOR = YES;
				GCC_WARN_UNINITIALIZED_AUTOS = YES_AGGRESSIVE;
				GCC_WARN_UNUSED_FUNCTION = YES;
				GCC_WARN_UNUSED_VARIABLE = YES;
				IPHONEOS_DEPLOYMENT_TARGET = 13.6;
				MTL_ENABLE_DEBUG_INFO = INCLUDE_SOURCE;
				MTL_FAST_MATH = YES;
				ONLY_ACTIVE_ARCH = YES;
				SDKROOT = iphoneos;
				SWIFT_ACTIVE_COMPILATION_CONDITIONS = DEBUG;
				SWIFT_OPTIMIZATION_LEVEL = "-Onone";
			};
			name = Debug;
		};
		8478C68824D41F34000CF598 /* Release */ = {
			isa = XCBuildConfiguration;
			buildSettings = {
				ALWAYS_SEARCH_USER_PATHS = NO;
				CLANG_ANALYZER_NONNULL = YES;
				CLANG_ANALYZER_NUMBER_OBJECT_CONVERSION = YES_AGGRESSIVE;
				CLANG_CXX_LANGUAGE_STANDARD = "gnu++14";
				CLANG_CXX_LIBRARY = "libc++";
				CLANG_ENABLE_MODULES = YES;
				CLANG_ENABLE_OBJC_ARC = YES;
				CLANG_ENABLE_OBJC_WEAK = YES;
				CLANG_WARN_BLOCK_CAPTURE_AUTORELEASING = YES;
				CLANG_WARN_BOOL_CONVERSION = YES;
				CLANG_WARN_COMMA = YES;
				CLANG_WARN_CONSTANT_CONVERSION = YES;
				CLANG_WARN_DEPRECATED_OBJC_IMPLEMENTATIONS = YES;
				CLANG_WARN_DIRECT_OBJC_ISA_USAGE = YES_ERROR;
				CLANG_WARN_DOCUMENTATION_COMMENTS = YES;
				CLANG_WARN_EMPTY_BODY = YES;
				CLANG_WARN_ENUM_CONVERSION = YES;
				CLANG_WARN_INFINITE_RECURSION = YES;
				CLANG_WARN_INT_CONVERSION = YES;
				CLANG_WARN_NON_LITERAL_NULL_CONVERSION = YES;
				CLANG_WARN_OBJC_IMPLICIT_RETAIN_SELF = YES;
				CLANG_WARN_OBJC_LITERAL_CONVERSION = YES;
				CLANG_WARN_OBJC_ROOT_CLASS = YES_ERROR;
				CLANG_WARN_RANGE_LOOP_ANALYSIS = YES;
				CLANG_WARN_STRICT_PROTOTYPES = YES;
				CLANG_WARN_SUSPICIOUS_MOVE = YES;
				CLANG_WARN_UNGUARDED_AVAILABILITY = YES_AGGRESSIVE;
				CLANG_WARN_UNREACHABLE_CODE = YES;
				CLANG_WARN__DUPLICATE_METHOD_MATCH = YES;
				COPY_PHASE_STRIP = NO;
				DEBUG_INFORMATION_FORMAT = "dwarf-with-dsym";
				ENABLE_NS_ASSERTIONS = NO;
				ENABLE_STRICT_OBJC_MSGSEND = YES;
				GCC_C_LANGUAGE_STANDARD = gnu11;
				GCC_NO_COMMON_BLOCKS = YES;
				GCC_WARN_64_TO_32_BIT_CONVERSION = YES;
				GCC_WARN_ABOUT_RETURN_TYPE = YES_ERROR;
				GCC_WARN_UNDECLARED_SELECTOR = YES;
				GCC_WARN_UNINITIALIZED_AUTOS = YES_AGGRESSIVE;
				GCC_WARN_UNUSED_FUNCTION = YES;
				GCC_WARN_UNUSED_VARIABLE = YES;
				IPHONEOS_DEPLOYMENT_TARGET = 13.6;
				MTL_ENABLE_DEBUG_INFO = NO;
				MTL_FAST_MATH = YES;
				SDKROOT = iphoneos;
				SWIFT_COMPILATION_MODE = wholemodule;
				SWIFT_OPTIMIZATION_LEVEL = "-O";
				VALIDATE_PRODUCT = YES;
			};
			name = Release;
		};
		8478C68A24D41F34000CF598 /* Debug */ = {
			isa = XCBuildConfiguration;
			buildSettings = {
				ASSETCATALOG_COMPILER_APPICON_NAME = AppIcon;
				CODE_SIGN_STYLE = Automatic;
				DEVELOPMENT_TEAM = WZ6RX2T84D;
				INFOPLIST_FILE = ChildViewControllersDemo/Info.plist;
				LD_RUNPATH_SEARCH_PATHS = (
					"$(inherited)",
					"@executable_path/Frameworks",
				);
				PRODUCT_BUNDLE_IDENTIFIER = EvgenyEzub.ChildViewControllersDemo;
				PRODUCT_NAME = "$(TARGET_NAME)";
				SWIFT_VERSION = 5.0;
				TARGETED_DEVICE_FAMILY = "1,2";
			};
			name = Debug;
		};
		8478C68B24D41F34000CF598 /* Release */ = {
			isa = XCBuildConfiguration;
			buildSettings = {
				ASSETCATALOG_COMPILER_APPICON_NAME = AppIcon;
				CODE_SIGN_STYLE = Automatic;
				DEVELOPMENT_TEAM = WZ6RX2T84D;
				INFOPLIST_FILE = ChildViewControllersDemo/Info.plist;
				LD_RUNPATH_SEARCH_PATHS = (
					"$(inherited)",
					"@executable_path/Frameworks",
				);
				PRODUCT_BUNDLE_IDENTIFIER = EvgenyEzub.ChildViewControllersDemo;
				PRODUCT_NAME = "$(TARGET_NAME)";
				SWIFT_VERSION = 5.0;
				TARGETED_DEVICE_FAMILY = "1,2";
			};
			name = Release;
		};
/* End XCBuildConfiguration section */

/* Begin XCConfigurationList section */
		8478C67024D41F31000CF598 /* Build configuration list for PBXProject "ChildViewControllersDemo" */ = {
			isa = XCConfigurationList;
			buildConfigurations = (
				8478C68724D41F34000CF598 /* Debug */,
				8478C68824D41F34000CF598 /* Release */,
			);
			defaultConfigurationIsVisible = 0;
			defaultConfigurationName = Release;
		};
		8478C68924D41F34000CF598 /* Build configuration list for PBXNativeTarget "ChildViewControllersDemo" */ = {
			isa = XCConfigurationList;
			buildConfigurations = (
				8478C68A24D41F34000CF598 /* Debug */,
				8478C68B24D41F34000CF598 /* Release */,
			);
			defaultConfigurationIsVisible = 0;
			defaultConfigurationName = Release;
		};
/* End XCConfigurationList section */
	};
	rootObject = 8478C66D24D41F31000CF598 /* Project object */;
}
